
Microsoft Visual Studio Solution File, Format Version 12.00
# Visual Studio Version 16
VisualStudioVersion = 16.0.31129.286
MinimumVisualStudioVersion = 10.0.40219.1
Project("{9A19103F-16F7-4668-BE54-9A1E7A4F7556}") = "SchoolBusinessLogic", "..\SchoolBusinessLogic\SchoolBusinessLogic.csproj", "{374BD851-37D3-4CD4-83A8-74895AF60EAD}"
EndProject
Project("{9A19103F-16F7-4668-BE54-9A1E7A4F7556}") = "SchoolDatabaseImplement", "..\SchoolDatabaseImplement\SchoolDatabaseImplement.csproj", "{063E266F-CFA4-44CB-9C21-2E84A8D775CC}"
EndProject
Project("{9A19103F-16F7-4668-BE54-9A1E7A4F7556}") = "SchoolStudyAgainApi", "..\SchoolStudyAgainApi\SchoolStudyAgainApi.csproj", "{1AF2BFE1-AA4D-4DB0-B906-CE3F97F2F485}"
EndProject
Global
	GlobalSection(SolutionConfigurationPlatforms) = preSolution
		Debug|Any CPU = Debug|Any CPU
		Release|Any CPU = Release|Any CPU
	EndGlobalSection
	GlobalSection(ProjectConfigurationPlatforms) = postSolution
		{374BD851-37D3-4CD4-83A8-74895AF60EAD}.Debug|Any CPU.ActiveCfg = Debug|Any CPU
		{374BD851-37D3-4CD4-83A8-74895AF60EAD}.Debug|Any CPU.Build.0 = Debug|Any CPU
		{374BD851-37D3-4CD4-83A8-74895AF60EAD}.Release|Any CPU.ActiveCfg = Release|Any CPU
		{374BD851-37D3-4CD4-83A8-74895AF60EAD}.Release|Any CPU.Build.0 = Release|Any CPU
		{063E266F-CFA4-44CB-9C21-2E84A8D775CC}.Debug|Any CPU.ActiveCfg = Debug|Any CPU
		{063E266F-CFA4-44CB-9C21-2E84A8D775CC}.Debug|Any CPU.Build.0 = Debug|Any CPU
		{063E266F-CFA4-44CB-9C21-2E84A8D775CC}.Release|Any CPU.ActiveCfg = Release|Any CPU
		{063E266F-CFA4-44CB-9C21-2E84A8D775CC}.Release|Any CPU.Build.0 = Release|Any CPU
		{1AF2BFE1-AA4D-4DB0-B906-CE3F97F2F485}.Debug|Any CPU.ActiveCfg = Debug|Any CPU
		{1AF2BFE1-AA4D-4DB0-B906-CE3F97F2F485}.Debug|Any CPU.Build.0 = Debug|Any CPU
		{1AF2BFE1-AA4D-4DB0-B906-CE3F97F2F485}.Release|Any CPU.ActiveCfg = Release|Any CPU
		{1AF2BFE1-AA4D-4DB0-B906-CE3F97F2F485}.Release|Any CPU.Build.0 = Release|Any CPU
	EndGlobalSection
	GlobalSection(SolutionProperties) = preSolution
		HideSolutionNode = FALSE
	EndGlobalSection
	GlobalSection(ExtensibilityGlobals) = postSolution
		SolutionGuid = {28E349E1-5F58-4A51-96C2-210120F53D9B}
	EndGlobalSection
EndGlobal
